// !$*UTF8*$!
{
	archiveVersion = 1;
	classes = {
	};
	objectVersion = 56;
	objects = {

/* Begin PBXBuildFile section */
		5813C78B2C7E250E00F93D59 /* AppDelegate.swift in Sources */ = {isa = PBXBuildFile; fileRef = 5813C78A2C7E250E00F93D59 /* AppDelegate.swift */; };
		5813C78D2C7E250E00F93D59 /* SceneDelegate.swift in Sources */ = {isa = PBXBuildFile; fileRef = 5813C78C2C7E250E00F93D59 /* SceneDelegate.swift */; };
		5813C78F2C7E250E00F93D59 /* ViewController.swift in Sources */ = {isa = PBXBuildFile; fileRef = 5813C78E2C7E250E00F93D59 /* ViewController.swift */; };
		5813C7922C7E250E00F93D59 /* Main.storyboard in Resources */ = {isa = PBXBuildFile; fileRef = 5813C7902C7E250E00F93D59 /* Main.storyboard */; };
		5813C7942C7E251D00F93D59 /* Assets.xcassets in Resources */ = {isa = PBXBuildFile; fileRef = 5813C7932C7E251D00F93D59 /* Assets.xcassets */; };
		5813C7972C7E251D00F93D59 /* LaunchScreen.storyboard in Resources */ = {isa = PBXBuildFile; fileRef = 5813C7952C7E251D00F93D59 /* LaunchScreen.storyboard */; };
		5813C7A22C7E251F00F93D59 /* AssertYourselfTests.swift in Sources */ = {isa = PBXBuildFile; fileRef = 5813C7A12C7E251F00F93D59 /* AssertYourselfTests.swift */; };
		5813C7AC2C7E251F00F93D59 /* AssertYourselfUITests.swift in Sources */ = {isa = PBXBuildFile; fileRef = 5813C7AB2C7E251F00F93D59 /* AssertYourselfUITests.swift */; };
		5813C7AE2C7E251F00F93D59 /* AssertYourselfUITestsLaunchTests.swift in Sources */ = {isa = PBXBuildFile; fileRef = 5813C7AD2C7E251F00F93D59 /* AssertYourselfUITestsLaunchTests.swift */; };
/* End PBXBuildFile section */

/* Begin PBXContainerItemProxy section */
		5813C79E2C7E251F00F93D59 /* PBXContainerItemProxy */ = {
			isa = PBXContainerItemProxy;
			containerPortal = 5813C77F2C7E250E00F93D59 /* Project object */;
			proxyType = 1;
			remoteGlobalIDString = 5813C7862C7E250E00F93D59;
			remoteInfo = AssertYourself;
		};
		5813C7A82C7E251F00F93D59 /* PBXContainerItemProxy */ = {
			isa = PBXContainerItemProxy;
			containerPortal = 5813C77F2C7E250E00F93D59 /* Project object */;
			proxyType = 1;
			remoteGlobalIDString = 5813C7862C7E250E00F93D59;
			remoteInfo = AssertYourself;
		};
/* End PBXContainerItemProxy section */

/* Begin PBXFileReference section */
		5813C7872C7E250E00F93D59 /* AssertYourself.app */ = {isa = PBXFileReference; explicitFileType = wrapper.application; includeInIndex = 0; path = AssertYourself.app; sourceTree = BUILT_PRODUCTS_DIR; };
		5813C78A2C7E250E00F93D59 /* AppDelegate.swift */ = {isa = PBXFileReference; lastKnownFileType = sourcecode.swift; path = AppDelegate.swift; sourceTree = "<group>"; };
		5813C78C2C7E250E00F93D59 /* SceneDelegate.swift */ = {isa = PBXFileReference; lastKnownFileType = sourcecode.swift; path = SceneDelegate.swift; sourceTree = "<group>"; };
		5813C78E2C7E250E00F93D59 /* ViewController.swift */ = {isa = PBXFileReference; lastKnownFileType = sourcecode.swift; path = ViewController.swift; sourceTree = "<group>"; };
		5813C7912C7E250E00F93D59 /* Base */ = {isa = PBXFileReference; lastKnownFileType = file.storyboard; name = Base; path = Base.lproj/Main.storyboard; sourceTree = "<group>"; };
		5813C7932C7E251D00F93D59 /* Assets.xcassets */ = {isa = PBXFileReference; lastKnownFileType = folder.assetcatalog; path = Assets.xcassets; sourceTree = "<group>"; };
		5813C7962C7E251D00F93D59 /* Base */ = {isa = PBXFileReference; lastKnownFileType = file.storyboard; name = Base; path = Base.lproj/LaunchScreen.storyboard; sourceTree = "<group>"; };
		5813C7982C7E251D00F93D59 /* Info.plist */ = {isa = PBXFileReference; lastKnownFileType = text.plist.xml; path = Info.plist; sourceTree = "<group>"; };
		5813C79D2C7E251F00F93D59 /* AssertYourselfTests.xctest */ = {isa = PBXFileReference; explicitFileType = wrapper.cfbundle; includeInIndex = 0; path = AssertYourselfTests.xctest; sourceTree = BUILT_PRODUCTS_DIR; };
		5813C7A12C7E251F00F93D59 /* AssertYourselfTests.swift */ = {isa = PBXFileReference; lastKnownFileType = sourcecode.swift; path = AssertYourselfTests.swift; sourceTree = "<group>"; };
		5813C7A72C7E251F00F93D59 /* AssertYourselfUITests.xctest */ = {isa = PBXFileReference; explicitFileType = wrapper.cfbundle; includeInIndex = 0; path = AssertYourselfUITests.xctest; sourceTree = BUILT_PRODUCTS_DIR; };
		5813C7AB2C7E251F00F93D59 /* AssertYourselfUITests.swift */ = {isa = PBXFileReference; lastKnownFileType = sourcecode.swift; path = AssertYourselfUITests.swift; sourceTree = "<group>"; };
		5813C7AD2C7E251F00F93D59 /* AssertYourselfUITestsLaunchTests.swift */ = {isa = PBXFileReference; lastKnownFileType = sourcecode.swift; path = AssertYourselfUITestsLaunchTests.swift; sourceTree = "<group>"; };
/* End PBXFileReference section */

/* Begin PBXFrameworksBuildPhase section */
		5813C7842C7E250E00F93D59 /* Frameworks */ = {
			isa = PBXFrameworksBuildPhase;
			buildActionMask = 2147483647;
			files = (
			);
			runOnlyForDeploymentPostprocessing = 0;
		};
		5813C79A2C7E251F00F93D59 /* Frameworks */ = {
			isa = PBXFrameworksBuildPhase;
			buildActionMask = 2147483647;
			files = (
			);
			runOnlyForDeploymentPostprocessing = 0;
		};
		5813C7A42C7E251F00F93D59 /* Frameworks */ = {
			isa = PBXFrameworksBuildPhase;
			buildActionMask = 2147483647;
			files = (
			);
			runOnlyForDeploymentPostprocessing = 0;
		};
/* End PBXFrameworksBuildPhase section */

/* Begin PBXGroup section */
		5813C77E2C7E250E00F93D59 = {
			isa = PBXGroup;
			children = (
				5813C7892C7E250E00F93D59 /* AssertYourself */,
				5813C7A02C7E251F00F93D59 /* AssertYourselfTests */,
				5813C7AA2C7E251F00F93D59 /* AssertYourselfUITests */,
				5813C7882C7E250E00F93D59 /* Products */,
			);
			sourceTree = "<group>";
		};
		5813C7882C7E250E00F93D59 /* Products */ = {
			isa = PBXGroup;
			children = (
				5813C7872C7E250E00F93D59 /* AssertYourself.app */,
				5813C79D2C7E251F00F93D59 /* AssertYourselfTests.xctest */,
				5813C7A72C7E251F00F93D59 /* AssertYourselfUITests.xctest */,
			);
			name = Products;
			sourceTree = "<group>";
		};
		5813C7892C7E250E00F93D59 /* AssertYourself */ = {
			isa = PBXGroup;
			children = (
				5813C78A2C7E250E00F93D59 /* AppDelegate.swift */,
				5813C78C2C7E250E00F93D59 /* SceneDelegate.swift */,
				5813C78E2C7E250E00F93D59 /* ViewController.swift */,
				5813C7902C7E250E00F93D59 /* Main.storyboard */,
				5813C7932C7E251D00F93D59 /* Assets.xcassets */,
				5813C7952C7E251D00F93D59 /* LaunchScreen.storyboard */,
				5813C7982C7E251D00F93D59 /* Info.plist */,
			);
			path = AssertYourself;
			sourceTree = "<group>";
		};
		5813C7A02C7E251F00F93D59 /* AssertYourselfTests */ = {
			isa = PBXGroup;
			children = (
				5813C7A12C7E251F00F93D59 /* AssertYourselfTests.swift */,
			);
			path = AssertYourselfTests;
			sourceTree = "<group>";
		};
		5813C7AA2C7E251F00F93D59 /* AssertYourselfUITests */ = {
			isa = PBXGroup;
			children = (
				5813C7AB2C7E251F00F93D59 /* AssertYourselfUITests.swift */,
				5813C7AD2C7E251F00F93D59 /* AssertYourselfUITestsLaunchTests.swift */,
			);
			path = AssertYourselfUITests;
			sourceTree = "<group>";
		};
/* End PBXGroup section */

/* Begin PBXNativeTarget section */
		5813C7862C7E250E00F93D59 /* AssertYourself */ = {
			isa = PBXNativeTarget;
			buildConfigurationList = 5813C7B12C7E251F00F93D59 /* Build configuration list for PBXNativeTarget "AssertYourself" */;
			buildPhases = (
				5813C7832C7E250E00F93D59 /* Sources */,
				5813C7842C7E250E00F93D59 /* Frameworks */,
				5813C7852C7E250E00F93D59 /* Resources */,
			);
			buildRules = (
			);
			dependencies = (
			);
			name = AssertYourself;
			productName = AssertYourself;
			productReference = 5813C7872C7E250E00F93D59 /* AssertYourself.app */;
			productType = "com.apple.product-type.application";
		};
		5813C79C2C7E251F00F93D59 /* AssertYourselfTests */ = {
			isa = PBXNativeTarget;
			buildConfigurationList = 5813C7B42C7E251F00F93D59 /* Build configuration list for PBXNativeTarget "AssertYourselfTests" */;
			buildPhases = (
				5813C7992C7E251F00F93D59 /* Sources */,
				5813C79A2C7E251F00F93D59 /* Frameworks */,
				5813C79B2C7E251F00F93D59 /* Resources */,
			);
			buildRules = (
			);
			dependencies = (
				5813C79F2C7E251F00F93D59 /* PBXTargetDependency */,
			);
			name = AssertYourselfTests;
			productName = AssertYourselfTests;
			productReference = 5813C79D2C7E251F00F93D59 /* AssertYourselfTests.xctest */;
			productType = "com.apple.product-type.bundle.unit-test";
		};
		5813C7A62C7E251F00F93D59 /* AssertYourselfUITests */ = {
			isa = PBXNativeTarget;
			buildConfigurationList = 5813C7B72C7E251F00F93D59 /* Build configuration list for PBXNativeTarget "AssertYourselfUITests" */;
			buildPhases = (
				5813C7A32C7E251F00F93D59 /* Sources */,
				5813C7A42C7E251F00F93D59 /* Frameworks */,
				5813C7A52C7E251F00F93D59 /* Resources */,
			);
			buildRules = (
			);
			dependencies = (
				5813C7A92C7E251F00F93D59 /* PBXTargetDependency */,
			);
			name = AssertYourselfUITests;
			productName = AssertYourselfUITests;
			productReference = 5813C7A72C7E251F00F93D59 /* AssertYourselfUITests.xctest */;
			productType = "com.apple.product-type.bundle.ui-testing";
		};
/* End PBXNativeTarget section */

/* Begin PBXProject section */
		5813C77F2C7E250E00F93D59 /* Project object */ = {
			isa = PBXProject;
			attributes = {
				BuildIndependentTargetsInParallel = 1;
				LastSwiftUpdateCheck = 1420;
				LastUpgradeCheck = 1420;
				TargetAttributes = {
					5813C7862C7E250E00F93D59 = {
						CreatedOnToolsVersion = 14.2;
					};
					5813C79C2C7E251F00F93D59 = {
						CreatedOnToolsVersion = 14.2;
						TestTargetID = 5813C7862C7E250E00F93D59;
					};
					5813C7A62C7E251F00F93D59 = {
						CreatedOnToolsVersion = 14.2;
						TestTargetID = 5813C7862C7E250E00F93D59;
					};
				};
			};
			buildConfigurationList = 5813C7822C7E250E00F93D59 /* Build configuration list for PBXProject "AssertYourself" */;
			compatibilityVersion = "Xcode 14.0";
			developmentRegion = en;
			hasScannedForEncodings = 0;
			knownRegions = (
				en,
				Base,
			);
			mainGroup = 5813C77E2C7E250E00F93D59;
			productRefGroup = 5813C7882C7E250E00F93D59 /* Products */;
			projectDirPath = "";
			projectRoot = "";
			targets = (
				5813C7862C7E250E00F93D59 /* AssertYourself */,
				5813C79C2C7E251F00F93D59 /* AssertYourselfTests */,
				5813C7A62C7E251F00F93D59 /* AssertYourselfUITests */,
			);
		};
/* End PBXProject section */

/* Begin PBXResourcesBuildPhase section */
		5813C7852C7E250E00F93D59 /* Resources */ = {
			isa = PBXResourcesBuildPhase;
			buildActionMask = 2147483647;
			files = (
				5813C7972C7E251D00F93D59 /* LaunchScreen.storyboard in Resources */,
				5813C7942C7E251D00F93D59 /* Assets.xcassets in Resources */,
				5813C7922C7E250E00F93D59 /* Main.storyboard in Resources */,
			);
			runOnlyForDeploymentPostprocessing = 0;
		};
		5813C79B2C7E251F00F93D59 /* Resources */ = {
			isa = PBXResourcesBuildPhase;
			buildActionMask = 2147483647;
			files = (
			);
			runOnlyForDeploymentPostprocessing = 0;
		};
		5813C7A52C7E251F00F93D59 /* Resources */ = {
			isa = PBXResourcesBuildPhase;
			buildActionMask = 2147483647;
			files = (
			);
			runOnlyForDeploymentPostprocessing = 0;
		};
/* End PBXResourcesBuildPhase section */

/* Begin PBXSourcesBuildPhase section */
		5813C7832C7E250E00F93D59 /* Sources */ = {
			isa = PBXSourcesBuildPhase;
			buildActionMask = 2147483647;
			files = (
				5813C78F2C7E250E00F93D59 /* ViewController.swift in Sources */,
				5813C78B2C7E250E00F93D59 /* AppDelegate.swift in Sources */,
				5813C78D2C7E250E00F93D59 /* SceneDelegate.swift in Sources */,
			);
			runOnlyForDeploymentPostprocessing = 0;
		};
		5813C7992C7E251F00F93D59 /* Sources */ = {
			isa = PBXSourcesBuildPhase;
			buildActionMask = 2147483647;
			files = (
				5813C7A22C7E251F00F93D59 /* AssertYourselfTests.swift in Sources */,
			);
			runOnlyForDeploymentPostprocessing = 0;
		};
		5813C7A32C7E251F00F93D59 /* Sources */ = {
			isa = PBXSourcesBuildPhase;
			buildActionMask = 2147483647;
			files = (
				5813C7AC2C7E251F00F93D59 /* AssertYourselfUITests.swift in Sources */,
				5813C7AE2C7E251F00F93D59 /* AssertYourselfUITestsLaunchTests.swift in Sources */,
			);
			runOnlyForDeploymentPostprocessing = 0;
		};
/* End PBXSourcesBuildPhase section */

/* Begin PBXTargetDependency section */
		5813C79F2C7E251F00F93D59 /* PBXTargetDependency */ = {
			isa = PBXTargetDependency;
			target = 5813C7862C7E250E00F93D59 /* AssertYourself */;
			targetProxy = 5813C79E2C7E251F00F93D59 /* PBXContainerItemProxy */;
		};
		5813C7A92C7E251F00F93D59 /* PBXTargetDependency */ = {
			isa = PBXTargetDependency;
			target = 5813C7862C7E250E00F93D59 /* AssertYourself */;
			targetProxy = 5813C7A82C7E251F00F93D59 /* PBXContainerItemProxy */;
		};
/* End PBXTargetDependency section */

/* Begin PBXVariantGroup section */
		5813C7902C7E250E00F93D59 /* Main.storyboard */ = {
			isa = PBXVariantGroup;
			children = (
				5813C7912C7E250E00F93D59 /* Base */,
			);
			name = Main.storyboard;
			sourceTree = "<group>";
		};
		5813C7952C7E251D00F93D59 /* LaunchScreen.storyboard */ = {
			isa = PBXVariantGroup;
			children = (
				5813C7962C7E251D00F93D59 /* Base */,
			);
			name = LaunchScreen.storyboard;
			sourceTree = "<group>";
		};
/* End PBXVariantGroup section */

/* Begin XCBuildConfiguration section */
		5813C7AF2C7E251F00F93D59 /* Debug */ = {
			isa = XCBuildConfiguration;
			buildSettings = {
				ALWAYS_SEARCH_USER_PATHS = NO;
				CLANG_ANALYZER_NONNULL = YES;
				CLANG_ANALYZER_NUMBER_OBJECT_CONVERSION = YES_AGGRESSIVE;
				CLANG_CXX_LANGUAGE_STANDARD = "gnu++20";
				CLANG_ENABLE_MODULES = YES;
				CLANG_ENABLE_OBJC_ARC = YES;
				CLANG_ENABLE_OBJC_WEAK = YES;
				CLANG_WARN_BLOCK_CAPTURE_AUTORELEASING = YES;
				CLANG_WARN_BOOL_CONVERSION = YES;
				CLANG_WARN_COMMA = YES;
				CLANG_WARN_CONSTANT_CONVERSION = YES;
				CLANG_WARN_DEPRECATED_OBJC_IMPLEMENTATIONS = YES;
				CLANG_WARN_DIRECT_OBJC_ISA_USAGE = YES_ERROR;
				CLANG_WARN_DOCUMENTATION_COMMENTS = YES;
				CLANG_WARN_EMPTY_BODY = YES;
				CLANG_WARN_ENUM_CONVERSION = YES;
				CLANG_WARN_INFINITE_RECURSION = YES;
				CLANG_WARN_INT_CONVERSION = YES;
				CLANG_WARN_NON_LITERAL_NULL_CONVERSION = YES;
				CLANG_WARN_OBJC_IMPLICIT_RETAIN_SELF = YES;
				CLANG_WARN_OBJC_LITERAL_CONVERSION = YES;
				CLANG_WARN_OBJC_ROOT_CLASS = YES_ERROR;
				CLANG_WARN_QUOTED_INCLUDE_IN_FRAMEWORK_HEADER = YES;
				CLANG_WARN_RANGE_LOOP_ANALYSIS = YES;
				CLANG_WARN_STRICT_PROTOTYPES = YES;
				CLANG_WARN_SUSPICIOUS_MOVE = YES;
				CLANG_WARN_UNGUARDED_AVAILABILITY = YES_AGGRESSIVE;
				CLANG_WARN_UNREACHABLE_CODE = YES;
				CLANG_WARN__DUPLICATE_METHOD_MATCH = YES;
				COPY_PHASE_STRIP = NO;
				DEBUG_INFORMATION_FORMAT = dwarf;
				ENABLE_STRICT_OBJC_MSGSEND = YES;
				ENABLE_TESTABILITY = YES;
				GCC_C_LANGUAGE_STANDARD = gnu11;
				GCC_DYNAMIC_NO_PIC = NO;
				GCC_NO_COMMON_BLOCKS = YES;
				GCC_OPTIMIZATION_LEVEL = 0;
				GCC_PREPROCESSOR_DEFINITIONS = (
					"DEBUG=1",
					"$(inherited)",
				);
				GCC_WARN_64_TO_32_BIT_CONVERSION = YES;
				GCC_WARN_ABOUT_RETURN_TYPE = YES_ERROR;
				GCC_WARN_UNDECLARED_SELECTOR = YES;
				GCC_WARN_UNINITIALIZED_AUTOS = YES_AGGRESSIVE;
				GCC_WARN_UNUSED_FUNCTION = YES;
				GCC_WARN_UNUSED_VARIABLE = YES;
				IPHONEOS_DEPLOYMENT_TARGET = 16.2;
				MTL_ENABLE_DEBUG_INFO = INCLUDE_SOURCE;
				MTL_FAST_MATH = YES;
				ONLY_ACTIVE_ARCH = YES;
				SDKROOT = iphoneos;
				SWIFT_ACTIVE_COMPILATION_CONDITIONS = DEBUG;
				SWIFT_OPTIMIZATION_LEVEL = "-Onone";
			};
			name = Debug;
		};
		5813C7B02C7E251F00F93D59 /* Release */ = {
			isa = XCBuildConfiguration;
			buildSettings = {
				ALWAYS_SEARCH_USER_PATHS = NO;
				CLANG_ANALYZER_NONNULL = YES;
				CLANG_ANALYZER_NUMBER_OBJECT_CONVERSION = YES_AGGRESSIVE;
				CLANG_CXX_LANGUAGE_STANDARD = "gnu++20";
				CLANG_ENABLE_MODULES = YES;
				CLANG_ENABLE_OBJC_ARC = YES;
				CLANG_ENABLE_OBJC_WEAK = YES;
				CLANG_WARN_BLOCK_CAPTURE_AUTORELEASING = YES;
				CLANG_WARN_BOOL_CONVERSION = YES;
				CLANG_WARN_COMMA = YES;
				CLANG_WARN_CONSTANT_CONVERSION = YES;
				CLANG_WARN_DEPRECATED_OBJC_IMPLEMENTATIONS = YES;
				CLANG_WARN_DIRECT_OBJC_ISA_USAGE = YES_ERROR;
				CLANG_WARN_DOCUMENTATION_COMMENTS = YES;
				CLANG_WARN_EMPTY_BODY = YES;
				CLANG_WARN_ENUM_CONVERSION = YES;
				CLANG_WARN_INFINITE_RECURSION = YES;
				CLANG_WARN_INT_CONVERSION = YES;
				CLANG_WARN_NON_LITERAL_NULL_CONVERSION = YES;
				CLANG_WARN_OBJC_IMPLICIT_RETAIN_SELF = YES;
				CLANG_WARN_OBJC_LITERAL_CONVERSION = YES;
				CLANG_WARN_OBJC_ROOT_CLASS = YES_ERROR;
				CLANG_WARN_QUOTED_INCLUDE_IN_FRAMEWORK_HEADER = YES;
				CLANG_WARN_RANGE_LOOP_ANALYSIS = YES;
				CLANG_WARN_STRICT_PROTOTYPES = YES;
				CLANG_WARN_SUSPICIOUS_MOVE = YES;
				CLANG_WARN_UNGUARDED_AVAILABILITY = YES_AGGRESSIVE;
				CLANG_WARN_UNREACHABLE_CODE = YES;
				CLANG_WARN__DUPLICATE_METHOD_MATCH = YES;
				COPY_PHASE_STRIP = NO;
				DEBUG_INFORMATION_FORMAT = "dwarf-with-dsym";
				ENABLE_NS_ASSERTIONS = NO;
				ENABLE_STRICT_OBJC_MSGSEND = YES;
				GCC_C_LANGUAGE_STANDARD = gnu11;
				GCC_NO_COMMON_BLOCKS = YES;
				GCC_WARN_64_TO_32_BIT_CONVERSION = YES;
				GCC_WARN_ABOUT_RETURN_TYPE = YES_ERROR;
				GCC_WARN_UNDECLARED_SELECTOR = YES;
				GCC_WARN_UNINITIALIZED_AUTOS = YES_AGGRESSIVE;
				GCC_WARN_UNUSED_FUNCTION = YES;
				GCC_WARN_UNUSED_VARIABLE = YES;
				IPHONEOS_DEPLOYMENT_TARGET = 16.2;
				MTL_ENABLE_DEBUG_INFO = NO;
				MTL_FAST_MATH = YES;
				SDKROOT = iphoneos;
				SWIFT_COMPILATION_MODE = wholemodule;
				SWIFT_OPTIMIZATION_LEVEL = "-O";
				VALIDATE_PRODUCT = YES;
			};
			name = Release;
		};
		5813C7B22C7E251F00F93D59 /* Debug */ = {
			isa = XCBuildConfiguration;
			buildSettings = {
				ASSETCATALOG_COMPILER_APPICON_NAME = AppIcon;
				ASSETCATALOG_COMPILER_GLOBAL_ACCENT_COLOR_NAME = AccentColor;
				CODE_SIGN_STYLE = Automatic;
				CURRENT_PROJECT_VERSION = 1;
				DEVELOPMENT_TEAM = 6NZDML3UK3;
				GENERATE_INFOPLIST_FILE = YES;
				INFOPLIST_FILE = AssertYourself/Info.plist;
				INFOPLIST_KEY_UIApplicationSupportsIndirectInputEvents = YES;
				INFOPLIST_KEY_UILaunchStoryboardName = LaunchScreen;
				INFOPLIST_KEY_UIMainStoryboardFile = Main;
				INFOPLIST_KEY_UISupportedInterfaceOrientations_iPad = "UIInterfaceOrientationPortrait UIInterfaceOrientationPortraitUpsideDown UIInterfaceOrientationLandscapeLeft UIInterfaceOrientationLandscapeRight";
				INFOPLIST_KEY_UISupportedInterfaceOrientations_iPhone = "UIInterfaceOrientationPortrait UIInterfaceOrientationLandscapeLeft UIInterfaceOrientationLandscapeRight";
				LD_RUNPATH_SEARCH_PATHS = (
					"$(inherited)",
					"@executable_path/Frameworks",
				);
				MARKETING_VERSION = 1.0;
				PRODUCT_BUNDLE_IDENTIFIER = "badalaryal-practice.com.AssertYourself";
				PRODUCT_NAME = "$(TARGET_NAME)";
				SWIFT_EMIT_LOC_STRINGS = YES;
				SWIFT_VERSION = 5.0;
				TARGETED_DEVICE_FAMILY = "1,2";
			};
			name = Debug;
		};
		5813C7B32C7E251F00F93D59 /* Release */ = {
			isa = XCBuildConfiguration;
			buildSettings = {
				ASSETCATALOG_COMPILER_APPICON_NAME = AppIcon;
				ASSETCATALOG_COMPILER_GLOBAL_ACCENT_COLOR_NAME = AccentColor;
				CODE_SIGN_STYLE = Automatic;
				CURRENT_PROJECT_VERSION = 1;
				DEVELOPMENT_TEAM = 6NZDML3UK3;
				GENERATE_INFOPLIST_FILE = YES;
				INFOPLIST_FILE = AssertYourself/Info.plist;
				INFOPLIST_KEY_UIApplicationSupportsIndirectInputEvents = YES;
				INFOPLIST_KEY_UILaunchStoryboardName = LaunchScreen;
				INFOPLIST_KEY_UIMainStoryboardFile = Main;
				INFOPLIST_KEY_UISupportedInterfaceOrientations_iPad = "UIInterfaceOrientationPortrait UIInterfaceOrientationPortraitUpsideDown UIInterfaceOrientationLandscapeLeft UIInterfaceOrientationLandscapeRight";
				INFOPLIST_KEY_UISupportedInterfaceOrientations_iPhone = "UIInterfaceOrientationPortrait UIInterfaceOrientationLandscapeLeft UIInterfaceOrientationLandscapeRight";
				LD_RUNPATH_SEARCH_PATHS = (
					"$(inherited)",
					"@executable_path/Frameworks",
				);
				MARKETING_VERSION = 1.0;
				PRODUCT_BUNDLE_IDENTIFIER = "badalaryal-practice.com.AssertYourself";
				PRODUCT_NAME = "$(TARGET_NAME)";
				SWIFT_EMIT_LOC_STRINGS = YES;
				SWIFT_VERSION = 5.0;
				TARGETED_DEVICE_FAMILY = "1,2";
			};
			name = Release;
		};
		5813C7B52C7E251F00F93D59 /* Debug */ = {
			isa = XCBuildConfiguration;
			buildSettings = {
				ALWAYS_EMBED_SWIFT_STANDARD_LIBRARIES = YES;
				BUNDLE_LOADER = "$(TEST_HOST)";
				CODE_SIGN_STYLE = Automatic;
				CURRENT_PROJECT_VERSION = 1;
				DEVELOPMENT_TEAM = 6NZDML3UK3;
				GENERATE_INFOPLIST_FILE = YES;
				IPHONEOS_DEPLOYMENT_TARGET = 16.2;
				MARKETING_VERSION = 1.0;
				PRODUCT_BUNDLE_IDENTIFIER = "badalaryal-practice.com.AssertYourselfTests";
				PRODUCT_NAME = "$(TARGET_NAME)";
				SWIFT_EMIT_LOC_STRINGS = NO;
				SWIFT_VERSION = 5.0;
				TARGETED_DEVICE_FAMILY = "1,2";
				TEST_HOST = "$(BUILT_PRODUCTS_DIR)/AssertYourself.app/$(BUNDLE_EXECUTABLE_FOLDER_PATH)/AssertYourself";
			};
			name = Debug;
		};
		5813C7B62C7E251F00F93D59 /* Release */ = {
			isa = XCBuildConfiguration;
			buildSettings = {
				ALWAYS_EMBED_SWIFT_STANDARD_LIBRARIES = YES;
				BUNDLE_LOADER = "$(TEST_HOST)";
				CODE_SIGN_STYLE = Automatic;
				CURRENT_PROJECT_VERSION = 1;
				DEVELOPMENT_TEAM = 6NZDML3UK3;
				GENERATE_INFOPLIST_FILE = YES;
				IPHONEOS_DEPLOYMENT_TARGET = 16.2;
				MARKETING_VERSION = 1.0;
				PRODUCT_BUNDLE_IDENTIFIER = "badalaryal-practice.com.AssertYourselfTests";
				PRODUCT_NAME = "$(TARGET_NAME)";
				SWIFT_EMIT_LOC_STRINGS = NO;
				SWIFT_VERSION = 5.0;
				TARGETED_DEVICE_FAMILY = "1,2";
				TEST_HOST = "$(BUILT_PRODUCTS_DIR)/AssertYourself.app/$(BUNDLE_EXECUTABLE_FOLDER_PATH)/AssertYourself";
			};
			name = Release;
		};
		5813C7B82C7E251F00F93D59 /* Debug */ = {
			isa = XCBuildConfiguration;
			buildSettings = {
				ALWAYS_EMBED_SWIFT_STANDARD_LIBRARIES = YES;
				CODE_SIGN_STYLE = Automatic;
				CURRENT_PROJECT_VERSION = 1;
				DEVELOPMENT_TEAM = 6NZDML3UK3;
				GENERATE_INFOPLIST_FILE = YES;
				MARKETING_VERSION = 1.0;
				PRODUCT_BUNDLE_IDENTIFIER = "badalaryal-practice.com.AssertYourselfUITests";
				PRODUCT_NAME = "$(TARGET_NAME)";
				SWIFT_EMIT_LOC_STRINGS = NO;
				SWIFT_VERSION = 5.0;
				TARGETED_DEVICE_FAMILY = "1,2";
				TEST_TARGET_NAME = AssertYourself;
			};
			name = Debug;
		};
		5813C7B92C7E251F00F93D59 /* Release */ = {
			isa = XCBuildConfiguration;
			buildSettings = {
				ALWAYS_EMBED_SWIFT_STANDARD_LIBRARIES = YES;
				CODE_SIGN_STYLE = Automatic;
				CURRENT_PROJECT_VERSION = 1;
				DEVELOPMENT_TEAM = 6NZDML3UK3;
				GENERATE_INFOPLIST_FILE = YES;
				MARKETING_VERSION = 1.0;
				PRODUCT_BUNDLE_IDENTIFIER = "badalaryal-practice.com.AssertYourselfUITests";
				PRODUCT_NAME = "$(TARGET_NAME)";
				SWIFT_EMIT_LOC_STRINGS = NO;
				SWIFT_VERSION = 5.0;
				TARGETED_DEVICE_FAMILY = "1,2";
				TEST_TARGET_NAME = AssertYourself;
			};
			name = Release;
		};
/* End XCBuildConfiguration section */

/* Begin XCConfigurationList section */
		5813C7822C7E250E00F93D59 /* Build configuration list for PBXProject "AssertYourself" */ = {
			isa = XCConfigurationList;
			buildConfigurations = (
				5813C7AF2C7E251F00F93D59 /* Debug */,
				5813C7B02C7E251F00F93D59 /* Release */,
			);
			defaultConfigurationIsVisible = 0;
			defaultConfigurationName = Release;
		};
		5813C7B12C7E251F00F93D59 /* Build configuration list for PBXNativeTarget "AssertYourself" */ = {
			isa = XCConfigurationList;
			buildConfigurations = (
				5813C7B22C7E251F00F93D59 /* Debug */,
				5813C7B32C7E251F00F93D59 /* Release */,
			);
			defaultConfigurationIsVisible = 0;
			defaultConfigurationName = Release;
		};
		5813C7B42C7E251F00F93D59 /* Build configuration list for PBXNativeTarget "AssertYourselfTests" */ = {
			isa = XCConfigurationList;
			buildConfigurations = (
				5813C7B52C7E251F00F93D59 /* Debug */,
				5813C7B62C7E251F00F93D59 /* Release */,
			);
			defaultConfigurationIsVisible = 0;
			defaultConfigurationName = Release;
		};
		5813C7B72C7E251F00F93D59 /* Build configuration list for PBXNativeTarget "AssertYourselfUITests" */ = {
			isa = XCConfigurationList;
			buildConfigurations = (
				5813C7B82C7E251F00F93D59 /* Debug */,
				5813C7B92C7E251F00F93D59 /* Release */,
			);
			defaultConfigurationIsVisible = 0;
			defaultConfigurationName = Release;
		};
/* End XCConfigurationList section */
	};
	rootObject = 5813C77F2C7E250E00F93D59 /* Project object */;
}
